
Microsoft Visual Studio Solution File, Format Version 12.00
# Visual Studio Version 16
VisualStudioVersion = 16.0.29911.84
MinimumVisualStudioVersion = 10.0.40219.1
Project("{2150E333-8FDC-42A3-9474-1A3956D46DE8}") = "Domain", "Domain", "{506CC470-2F84-4083-B503-EAD83813029B}"
EndProject
Project("{2150E333-8FDC-42A3-9474-1A3956D46DE8}") = "Infra.Bus", "Infra.Bus", "{6D954C93-2E40-4309-B636-208EE54DDB3D}"
EndProject
Project("{2150E333-8FDC-42A3-9474-1A3956D46DE8}") = "Infra.IoC", "Infra.IoC", "{23A020BF-5CE3-4E94-9379-17A1156B6322}"
EndProject
Project("{2150E333-8FDC-42A3-9474-1A3956D46DE8}") = "Microservices", "Microservices", "{F42AF026-4BDC-486B-97B8-468870625670}"
EndProject
Project("{2150E333-8FDC-42A3-9474-1A3956D46DE8}") = "Presentation", "Presentation", "{B2BC9B7A-DA33-4F66-9E83-3AB54D09BAE4}"
EndProject
Project("{FAE04EC0-301F-11D3-BF4B-00C04F79EFBC}") = "MicroRabbit.Domain.Core", "MicroRabbit.Domain.Core\MicroRabbit.Domain.Core.csproj", "{3CF33D6A-FB8C-4CEF-84DB-8BAE848736E0}"
EndProject
Global
	GlobalSection(SolutionConfigurationPlatforms) = preSolution
		Debug|Any CPU = Debug|Any CPU
		Release|Any CPU = Release|Any CPU
	EndGlobalSection
	GlobalSection(ProjectConfigurationPlatforms) = postSolution
		{3CF33D6A-FB8C-4CEF-84DB-8BAE848736E0}.Debug|Any CPU.ActiveCfg = Debug|Any CPU
		{3CF33D6A-FB8C-4CEF-84DB-8BAE848736E0}.Debug|Any CPU.Build.0 = Debug|Any CPU
		{3CF33D6A-FB8C-4CEF-84DB-8BAE848736E0}.Release|Any CPU.ActiveCfg = Release|Any CPU
		{3CF33D6A-FB8C-4CEF-84DB-8BAE848736E0}.Release|Any CPU.Build.0 = Release|Any CPU
	EndGlobalSection
	GlobalSection(SolutionProperties) = preSolution
		HideSolutionNode = FALSE
	EndGlobalSection
	GlobalSection(NestedProjects) = preSolution
		{3CF33D6A-FB8C-4CEF-84DB-8BAE848736E0} = {506CC470-2F84-4083-B503-EAD83813029B}
	EndGlobalSection
	GlobalSection(ExtensibilityGlobals) = postSolution
		SolutionGuid = {3F458225-DC4C-49E2-A6B7-0D3C61037765}
	EndGlobalSection
EndGlobal
