
Microsoft Visual Studio Solution File, Format Version 12.00
# Visual Studio Version 16
VisualStudioVersion = 16.0.29911.84
MinimumVisualStudioVersion = 10.0.40219.1
Project("{2150E333-8FDC-42A3-9474-1A3956D46DE8}") = "Domain", "Domain", "{506CC470-2F84-4083-B503-EAD83813029B}"
EndProject
Project("{2150E333-8FDC-42A3-9474-1A3956D46DE8}") = "Infra.Bus", "Infra.Bus", "{6D954C93-2E40-4309-B636-208EE54DDB3D}"
EndProject
Project("{2150E333-8FDC-42A3-9474-1A3956D46DE8}") = "Infra.IoC", "Infra.IoC", "{23A020BF-5CE3-4E94-9379-17A1156B6322}"
EndProject
Project("{2150E333-8FDC-42A3-9474-1A3956D46DE8}") = "Microservices", "Microservices", "{F42AF026-4BDC-486B-97B8-468870625670}"
EndProject
Project("{2150E333-8FDC-42A3-9474-1A3956D46DE8}") = "Presentation", "Presentation", "{B2BC9B7A-DA33-4F66-9E83-3AB54D09BAE4}"
EndProject
Project("{FAE04EC0-301F-11D3-BF4B-00C04F79EFBC}") = "MicroRabbit.Domain.Core", "MicroRabbit.Domain.Core\MicroRabbit.Domain.Core.csproj", "{3CF33D6A-FB8C-4CEF-84DB-8BAE848736E0}"
EndProject
Project("{FAE04EC0-301F-11D3-BF4B-00C04F79EFBC}") = "MicroRabbit.Infra.Bus", "MicroRabbit.Infra.Bus\MicroRabbit.Infra.Bus.csproj", "{04F69314-898E-4AB7-8860-DB099D66D814}"
EndProject
Project("{FAE04EC0-301F-11D3-BF4B-00C04F79EFBC}") = "MicroRabbit.Infra.IoC", "MicroRabbit.Infra.IoC\MicroRabbit.Infra.IoC.csproj", "{F90419B4-3786-4B9A-949A-38606D226044}"
EndProject
Project("{2150E333-8FDC-42A3-9474-1A3956D46DE8}") = "Banking", "Banking", "{5B4ECD88-E9E8-4B1C-9C5D-58F59FF2A09F}"
EndProject
Project("{2150E333-8FDC-42A3-9474-1A3956D46DE8}") = "Api", "Api", "{D7EE3859-DD00-43FC-A3B2-F1C394B0ACF5}"
EndProject
Project("{2150E333-8FDC-42A3-9474-1A3956D46DE8}") = "Domain", "Domain", "{ACA7A9E2-9EDA-43D3-A0B1-CCE6E810F0AD}"
EndProject
Project("{2150E333-8FDC-42A3-9474-1A3956D46DE8}") = "Application", "Application", "{A188E33F-1DD1-4E60-B53B-691C12BDE887}"
EndProject
Project("{2150E333-8FDC-42A3-9474-1A3956D46DE8}") = "Data", "Data", "{98CF4B63-03C4-4463-8AB4-BA758DF8850F}"
EndProject
Project("{FAE04EC0-301F-11D3-BF4B-00C04F79EFBC}") = "MicroRabbit.Banking.Api", "MicroRabbit.Banking.Api\MicroRabbit.Banking.Api.csproj", "{575CB199-3170-4DC5-9E7A-AAD3EBAADBC3}"
EndProject
Project("{FAE04EC0-301F-11D3-BF4B-00C04F79EFBC}") = "MicroRabbit.Banking.Application", "MicroRabbit.Banking.Application\MicroRabbit.Banking.Application.csproj", "{F145D2A1-6EEB-406A-A90C-E7EFE222645C}"
EndProject
Project("{FAE04EC0-301F-11D3-BF4B-00C04F79EFBC}") = "MicroRabbit.Banking.Data", "MicroRabbit.Banking.Data\MicroRabbit.Banking.Data.csproj", "{3F1005AA-C445-4013-A257-FA4E8A7B706C}"
EndProject
Project("{FAE04EC0-301F-11D3-BF4B-00C04F79EFBC}") = "MicroRabbit.Banking.Domain", "MicroRabbit.Banking.Domain\MicroRabbit.Banking.Domain.csproj", "{2188A035-2A97-4F4F-A24D-89D030A89E17}"
EndProject
Global
	GlobalSection(SolutionConfigurationPlatforms) = preSolution
		Debug|Any CPU = Debug|Any CPU
		Release|Any CPU = Release|Any CPU
	EndGlobalSection
	GlobalSection(ProjectConfigurationPlatforms) = postSolution
		{3CF33D6A-FB8C-4CEF-84DB-8BAE848736E0}.Debug|Any CPU.ActiveCfg = Debug|Any CPU
		{3CF33D6A-FB8C-4CEF-84DB-8BAE848736E0}.Debug|Any CPU.Build.0 = Debug|Any CPU
		{3CF33D6A-FB8C-4CEF-84DB-8BAE848736E0}.Release|Any CPU.ActiveCfg = Release|Any CPU
		{3CF33D6A-FB8C-4CEF-84DB-8BAE848736E0}.Release|Any CPU.Build.0 = Release|Any CPU
		{04F69314-898E-4AB7-8860-DB099D66D814}.Debug|Any CPU.ActiveCfg = Debug|Any CPU
		{04F69314-898E-4AB7-8860-DB099D66D814}.Debug|Any CPU.Build.0 = Debug|Any CPU
		{04F69314-898E-4AB7-8860-DB099D66D814}.Release|Any CPU.ActiveCfg = Release|Any CPU
		{04F69314-898E-4AB7-8860-DB099D66D814}.Release|Any CPU.Build.0 = Release|Any CPU
		{F90419B4-3786-4B9A-949A-38606D226044}.Debug|Any CPU.ActiveCfg = Debug|Any CPU
		{F90419B4-3786-4B9A-949A-38606D226044}.Debug|Any CPU.Build.0 = Debug|Any CPU
		{F90419B4-3786-4B9A-949A-38606D226044}.Release|Any CPU.ActiveCfg = Release|Any CPU
		{F90419B4-3786-4B9A-949A-38606D226044}.Release|Any CPU.Build.0 = Release|Any CPU
		{575CB199-3170-4DC5-9E7A-AAD3EBAADBC3}.Debug|Any CPU.ActiveCfg = Debug|Any CPU
		{575CB199-3170-4DC5-9E7A-AAD3EBAADBC3}.Debug|Any CPU.Build.0 = Debug|Any CPU
		{575CB199-3170-4DC5-9E7A-AAD3EBAADBC3}.Release|Any CPU.ActiveCfg = Release|Any CPU
		{575CB199-3170-4DC5-9E7A-AAD3EBAADBC3}.Release|Any CPU.Build.0 = Release|Any CPU
		{F145D2A1-6EEB-406A-A90C-E7EFE222645C}.Debug|Any CPU.ActiveCfg = Debug|Any CPU
		{F145D2A1-6EEB-406A-A90C-E7EFE222645C}.Debug|Any CPU.Build.0 = Debug|Any CPU
		{F145D2A1-6EEB-406A-A90C-E7EFE222645C}.Release|Any CPU.ActiveCfg = Release|Any CPU
		{F145D2A1-6EEB-406A-A90C-E7EFE222645C}.Release|Any CPU.Build.0 = Release|Any CPU
		{3F1005AA-C445-4013-A257-FA4E8A7B706C}.Debug|Any CPU.ActiveCfg = Debug|Any CPU
		{3F1005AA-C445-4013-A257-FA4E8A7B706C}.Debug|Any CPU.Build.0 = Debug|Any CPU
		{3F1005AA-C445-4013-A257-FA4E8A7B706C}.Release|Any CPU.ActiveCfg = Release|Any CPU
		{3F1005AA-C445-4013-A257-FA4E8A7B706C}.Release|Any CPU.Build.0 = Release|Any CPU
		{2188A035-2A97-4F4F-A24D-89D030A89E17}.Debug|Any CPU.ActiveCfg = Debug|Any CPU
		{2188A035-2A97-4F4F-A24D-89D030A89E17}.Debug|Any CPU.Build.0 = Debug|Any CPU
		{2188A035-2A97-4F4F-A24D-89D030A89E17}.Release|Any CPU.ActiveCfg = Release|Any CPU
		{2188A035-2A97-4F4F-A24D-89D030A89E17}.Release|Any CPU.Build.0 = Release|Any CPU
	EndGlobalSection
	GlobalSection(SolutionProperties) = preSolution
		HideSolutionNode = FALSE
	EndGlobalSection
	GlobalSection(NestedProjects) = preSolution
		{3CF33D6A-FB8C-4CEF-84DB-8BAE848736E0} = {506CC470-2F84-4083-B503-EAD83813029B}
		{04F69314-898E-4AB7-8860-DB099D66D814} = {6D954C93-2E40-4309-B636-208EE54DDB3D}
		{F90419B4-3786-4B9A-949A-38606D226044} = {23A020BF-5CE3-4E94-9379-17A1156B6322}
		{5B4ECD88-E9E8-4B1C-9C5D-58F59FF2A09F} = {F42AF026-4BDC-486B-97B8-468870625670}
		{D7EE3859-DD00-43FC-A3B2-F1C394B0ACF5} = {5B4ECD88-E9E8-4B1C-9C5D-58F59FF2A09F}
		{ACA7A9E2-9EDA-43D3-A0B1-CCE6E810F0AD} = {5B4ECD88-E9E8-4B1C-9C5D-58F59FF2A09F}
		{A188E33F-1DD1-4E60-B53B-691C12BDE887} = {5B4ECD88-E9E8-4B1C-9C5D-58F59FF2A09F}
		{98CF4B63-03C4-4463-8AB4-BA758DF8850F} = {5B4ECD88-E9E8-4B1C-9C5D-58F59FF2A09F}
		{575CB199-3170-4DC5-9E7A-AAD3EBAADBC3} = {D7EE3859-DD00-43FC-A3B2-F1C394B0ACF5}
		{F145D2A1-6EEB-406A-A90C-E7EFE222645C} = {A188E33F-1DD1-4E60-B53B-691C12BDE887}
		{3F1005AA-C445-4013-A257-FA4E8A7B706C} = {98CF4B63-03C4-4463-8AB4-BA758DF8850F}
		{2188A035-2A97-4F4F-A24D-89D030A89E17} = {ACA7A9E2-9EDA-43D3-A0B1-CCE6E810F0AD}
	EndGlobalSection
	GlobalSection(ExtensibilityGlobals) = postSolution
		SolutionGuid = {3F458225-DC4C-49E2-A6B7-0D3C61037765}
	EndGlobalSection
EndGlobal
